PODS:
  - Alamofire (4.9.1)
  - boost-for-react-native (1.63.0)
  - BugsnagReactNative (7.3.5):
    - React
  - DoubleConversion (1.1.6)
  - FBLazyVector (0.64.2)
  - FBReactNativeSpec (0.64.2):
    - RCT-Folly (= 2020.01.13.00)
    - RCTRequired (= 0.64.2)
    - RCTTypeSafety (= 0.64.2)
    - React-Core (= 0.64.2)
    - React-jsi (= 0.64.2)
    - ReactCommon/turbomodule/core (= 0.64.2)
  - glog (0.3.5)
  - KeychainAccess (4.2.2)
  - MatomoTracker (7.4.1):
    - MatomoTracker/Core (= 7.4.1)
  - MatomoTracker/Core (7.4.1)
  - Permission-Notifications (2.2.2):
    - RNPermissions
  - PromisesObjC (1.2.12)
  - PromisesSwift (1.2.12):
    - PromisesObjC (= 1.2.12)
  - RCT-Folly (2020.01.13.00):
    - boost-for-react-native
    - DoubleConversion
    - glog
    - RCT-Folly/Default (= 2020.01.13.00)
  - RCT-Folly/Default (2020.01.13.00):
    - boost-for-react-native
    - DoubleConversion
    - glog
  - RCTRequired (0.64.2)
  - RCTTypeSafety (0.64.2):
    - FBLazyVector (= 0.64.2)
    - RCT-Folly (= 2020.01.13.00)
    - RCTRequired (= 0.64.2)
    - React-Core (= 0.64.2)
  - React (0.64.2):
    - React-Core (= 0.64.2)
    - React-Core/DevSupport (= 0.64.2)
    - React-Core/RCTWebSocket (= 0.64.2)
    - React-RCTActionSheet (= 0.64.2)
    - React-RCTAnimation (= 0.64.2)
    - React-RCTBlob (= 0.64.2)
    - React-RCTImage (= 0.64.2)
    - React-RCTLinking (= 0.64.2)
    - React-RCTNetwork (= 0.64.2)
    - React-RCTSettings (= 0.64.2)
    - React-RCTText (= 0.64.2)
    - React-RCTVibration (= 0.64.2)
  - React-callinvoker (0.64.2)
  - React-Core (0.64.2):
    - glog
    - RCT-Folly (= 2020.01.13.00)
    - React-Core/Default (= 0.64.2)
    - React-cxxreact (= 0.64.2)
    - React-jsi (= 0.64.2)
    - React-jsiexecutor (= 0.64.2)
    - React-perflogger (= 0.64.2)
    - Yoga
  - React-Core/CoreModulesHeaders (0.64.2):
    - glog
    - RCT-Folly (= 2020.01.13.00)
    - React-Core/Default
    - React-cxxreact (= 0.64.2)
    - React-jsi (= 0.64.2)
    - React-jsiexecutor (= 0.64.2)
    - React-perflogger (= 0.64.2)
    - Yoga
  - React-Core/Default (0.64.2):
    - glog
    - RCT-Folly (= 2020.01.13.00)
    - React-cxxreact (= 0.64.2)
    - React-jsi (= 0.64.2)
    - React-jsiexecutor (= 0.64.2)
    - React-perflogger (= 0.64.2)
    - Yoga
  - React-Core/DevSupport (0.64.2):
    - glog
    - RCT-Folly (= 2020.01.13.00)
    - React-Core/Default (= 0.64.2)
    - React-Core/RCTWebSocket (= 0.64.2)
    - React-cxxreact (= 0.64.2)
    - React-jsi (= 0.64.2)
    - React-jsiexecutor (= 0.64.2)
    - React-jsinspector (= 0.64.2)
    - React-perflogger (= 0.64.2)
    - Yoga
  - React-Core/RCTActionSheetHeaders (0.64.2):
    - glog
    - RCT-Folly (= 2020.01.13.00)
    - React-Core/Default
    - React-cxxreact (= 0.64.2)
    - React-jsi (= 0.64.2)
    - React-jsiexecutor (= 0.64.2)
    - React-perflogger (= 0.64.2)
    - Yoga
  - React-Core/RCTAnimationHeaders (0.64.2):
    - glog
    - RCT-Folly (= 2020.01.13.00)
    - React-Core/Default
    - React-cxxreact (= 0.64.2)
    - React-jsi (= 0.64.2)
    - React-jsiexecutor (= 0.64.2)
    - React-perflogger (= 0.64.2)
    - Yoga
  - React-Core/RCTBlobHeaders (0.64.2):
    - glog
    - RCT-Folly (= 2020.01.13.00)
    - React-Core/Default
    - React-cxxreact (= 0.64.2)
    - React-jsi (= 0.64.2)
    - React-jsiexecutor (= 0.64.2)
    - React-perflogger (= 0.64.2)
    - Yoga
  - React-Core/RCTImageHeaders (0.64.2):
    - glog
    - RCT-Folly (= 2020.01.13.00)
    - React-Core/Default
    - React-cxxreact (= 0.64.2)
    - React-jsi (= 0.64.2)
    - React-jsiexecutor (= 0.64.2)
    - React-perflogger (= 0.64.2)
    - Yoga
  - React-Core/RCTLinkingHeaders (0.64.2):
    - glog
    - RCT-Folly (= 2020.01.13.00)
    - React-Core/Default
    - React-cxxreact (= 0.64.2)
    - React-jsi (= 0.64.2)
    - React-jsiexecutor (= 0.64.2)
    - React-perflogger (= 0.64.2)
    - Yoga
  - React-Core/RCTNetworkHeaders (0.64.2):
    - glog
    - RCT-Folly (= 2020.01.13.00)
    - React-Core/Default
    - React-cxxreact (= 0.64.2)
    - React-jsi (= 0.64.2)
    - React-jsiexecutor (= 0.64.2)
    - React-perflogger (= 0.64.2)
    - Yoga
  - React-Core/RCTSettingsHeaders (0.64.2):
    - glog
    - RCT-Folly (= 2020.01.13.00)
    - React-Core/Default
    - React-cxxreact (= 0.64.2)
    - React-jsi (= 0.64.2)
    - React-jsiexecutor (= 0.64.2)
    - React-perflogger (= 0.64.2)
    - Yoga
  - React-Core/RCTTextHeaders (0.64.2):
    - glog
    - RCT-Folly (= 2020.01.13.00)
    - React-Core/Default
    - React-cxxreact (= 0.64.2)
    - React-jsi (= 0.64.2)
    - React-jsiexecutor (= 0.64.2)
    - React-perflogger (= 0.64.2)
    - Yoga
  - React-Core/RCTVibrationHeaders (0.64.2):
    - glog
    - RCT-Folly (= 2020.01.13.00)
    - React-Core/Default
    - React-cxxreact (= 0.64.2)
    - React-jsi (= 0.64.2)
    - React-jsiexecutor (= 0.64.2)
    - React-perflogger (= 0.64.2)
    - Yoga
  - React-Core/RCTWebSocket (0.64.2):
    - glog
    - RCT-Folly (= 2020.01.13.00)
    - React-Core/Default (= 0.64.2)
    - React-cxxreact (= 0.64.2)
    - React-jsi (= 0.64.2)
    - React-jsiexecutor (= 0.64.2)
    - React-perflogger (= 0.64.2)
    - Yoga
  - React-CoreModules (0.64.2):
    - FBReactNativeSpec (= 0.64.2)
    - RCT-Folly (= 2020.01.13.00)
    - RCTTypeSafety (= 0.64.2)
    - React-Core/CoreModulesHeaders (= 0.64.2)
    - React-jsi (= 0.64.2)
    - React-RCTImage (= 0.64.2)
    - ReactCommon/turbomodule/core (= 0.64.2)
  - React-cxxreact (0.64.2):
    - boost-for-react-native (= 1.63.0)
    - DoubleConversion
    - glog
    - RCT-Folly (= 2020.01.13.00)
    - React-callinvoker (= 0.64.2)
    - React-jsi (= 0.64.2)
    - React-jsinspector (= 0.64.2)
    - React-perflogger (= 0.64.2)
    - React-runtimeexecutor (= 0.64.2)
  - React-jsi (0.64.2):
    - boost-for-react-native (= 1.63.0)
    - DoubleConversion
    - glog
    - RCT-Folly (= 2020.01.13.00)
    - React-jsi/Default (= 0.64.2)
  - React-jsi/Default (0.64.2):
    - boost-for-react-native (= 1.63.0)
    - DoubleConversion
    - glog
    - RCT-Folly (= 2020.01.13.00)
  - React-jsiexecutor (0.64.2):
    - DoubleConversion
    - glog
    - RCT-Folly (= 2020.01.13.00)
    - React-cxxreact (= 0.64.2)
    - React-jsi (= 0.64.2)
    - React-perflogger (= 0.64.2)
  - React-jsinspector (0.64.2)
  - react-native-config (1.2.1):
    - React
  - react-native-matomo-sdk (0.4.0):
    - MatomoTracker (~> 7)
    - React (~> 0.60)
  - react-native-netinfo (5.9.9):
    - React-Core
  - react-native-safe-area-context (3.1.9):
    - React-Core
  - react-native-segmented-control (2.2.2):
    - React-Core
  - react-native-simple-crypto (0.2.15):
    - React
  - react-native-splash-screen (3.3.0):
    - React-Core
  - react-native-webview (11.2.0):
    - React-Core
  - React-perflogger (0.64.2)
  - React-RCTActionSheet (0.64.2):
    - React-Core/RCTActionSheetHeaders (= 0.64.2)
  - React-RCTAnimation (0.64.2):
    - FBReactNativeSpec (= 0.64.2)
    - RCT-Folly (= 2020.01.13.00)
    - RCTTypeSafety (= 0.64.2)
    - React-Core/RCTAnimationHeaders (= 0.64.2)
    - React-jsi (= 0.64.2)
    - ReactCommon/turbomodule/core (= 0.64.2)
  - React-RCTBlob (0.64.2):
    - FBReactNativeSpec (= 0.64.2)
    - RCT-Folly (= 2020.01.13.00)
    - React-Core/RCTBlobHeaders (= 0.64.2)
    - React-Core/RCTWebSocket (= 0.64.2)
    - React-jsi (= 0.64.2)
    - React-RCTNetwork (= 0.64.2)
    - ReactCommon/turbomodule/core (= 0.64.2)
  - React-RCTImage (0.64.2):
    - FBReactNativeSpec (= 0.64.2)
    - RCT-Folly (= 2020.01.13.00)
    - RCTTypeSafety (= 0.64.2)
    - React-Core/RCTImageHeaders (= 0.64.2)
    - React-jsi (= 0.64.2)
    - React-RCTNetwork (= 0.64.2)
    - ReactCommon/turbomodule/core (= 0.64.2)
  - React-RCTLinking (0.64.2):
    - FBReactNativeSpec (= 0.64.2)
    - React-Core/RCTLinkingHeaders (= 0.64.2)
    - React-jsi (= 0.64.2)
    - ReactCommon/turbomodule/core (= 0.64.2)
  - React-RCTNetwork (0.64.2):
    - FBReactNativeSpec (= 0.64.2)
    - RCT-Folly (= 2020.01.13.00)
    - RCTTypeSafety (= 0.64.2)
    - React-Core/RCTNetworkHeaders (= 0.64.2)
    - React-jsi (= 0.64.2)
    - ReactCommon/turbomodule/core (= 0.64.2)
  - React-RCTSettings (0.64.2):
    - FBReactNativeSpec (= 0.64.2)
    - RCT-Folly (= 2020.01.13.00)
    - RCTTypeSafety (= 0.64.2)
    - React-Core/RCTSettingsHeaders (= 0.64.2)
    - React-jsi (= 0.64.2)
    - ReactCommon/turbomodule/core (= 0.64.2)
  - React-RCTText (0.64.2):
    - React-Core/RCTTextHeaders (= 0.64.2)
  - React-RCTVibration (0.64.2):
    - FBReactNativeSpec (= 0.64.2)
    - RCT-Folly (= 2020.01.13.00)
    - React-Core/RCTVibrationHeaders (= 0.64.2)
    - React-jsi (= 0.64.2)
    - ReactCommon/turbomodule/core (= 0.64.2)
  - React-runtimeexecutor (0.64.2):
    - React-jsi (= 0.64.2)
  - ReactCommon/turbomodule/core (0.64.2):
    - DoubleConversion
    - glog
    - RCT-Folly (= 2020.01.13.00)
    - React-callinvoker (= 0.64.2)
    - React-Core (= 0.64.2)
    - React-cxxreact (= 0.64.2)
    - React-jsi (= 0.64.2)
    - React-perflogger (= 0.64.2)
  - Realm (10.5.2):
    - Realm/Headers (= 10.5.2)
  - Realm/Headers (10.5.2)
  - RealmSwift (10.5.2):
    - Realm (= 10.5.2)
  - RNCAsyncStorage (1.12.1):
    - React-Core
  - RNCMaskedView (0.1.10):
    - React
  - RNCPushNotificationIOS (1.8.0):
    - React-Core
  - RNDateTimePicker (3.0.8):
    - React-Core
  - RNGestureHandler (1.9.0):
    - React-Core
  - RNPermissions (2.2.2):
    - React-Core
  - RNScreens (2.16.1):
    - React-Core
  - RNStaticSafeAreaInsets (2.1.1):
    - React
  - RNSVG (12.1.0):
    - React
  - Yoga (1.14.0)
  - ZIPFoundation (0.9.12)

DEPENDENCIES:
  - Alamofire (~> 4.9.1)
  - "BugsnagReactNative (from `../node_modules/@bugsnag/react-native`)"
  - DoubleConversion (from `../node_modules/react-native/third-party-podspecs/DoubleConversion.podspec`)
  - FBLazyVector (from `../node_modules/react-native/Libraries/FBLazyVector`)
  - FBReactNativeSpec (from `../node_modules/react-native/React/FBReactNativeSpec`)
  - glog (from `../node_modules/react-native/third-party-podspecs/glog.podspec`)
  - KeychainAccess (~> 4.2.0)
  - Permission-Notifications (from `../node_modules/react-native-permissions/ios/Notifications.podspec`)
  - PromisesObjC
  - PromisesSwift
  - RCT-Folly (from `../node_modules/react-native/third-party-podspecs/RCT-Folly.podspec`)
  - RCTRequired (from `../node_modules/react-native/Libraries/RCTRequired`)
  - RCTTypeSafety (from `../node_modules/react-native/Libraries/TypeSafety`)
  - React (from `../node_modules/react-native/`)
  - React-callinvoker (from `../node_modules/react-native/ReactCommon/callinvoker`)
  - React-Core (from `../node_modules/react-native/`)
  - React-Core/DevSupport (from `../node_modules/react-native/`)
  - React-Core/RCTWebSocket (from `../node_modules/react-native/`)
  - React-CoreModules (from `../node_modules/react-native/React/CoreModules`)
  - React-cxxreact (from `../node_modules/react-native/ReactCommon/cxxreact`)
  - React-jsi (from `../node_modules/react-native/ReactCommon/jsi`)
  - React-jsiexecutor (from `../node_modules/react-native/ReactCommon/jsiexecutor`)
  - React-jsinspector (from `../node_modules/react-native/ReactCommon/jsinspector`)
  - react-native-config (from `../node_modules/react-native-config`)
  - react-native-matomo-sdk (from `../node_modules/react-native-matomo-sdk`)
  - "react-native-netinfo (from `../node_modules/@react-native-community/netinfo`)"
  - react-native-safe-area-context (from `../node_modules/react-native-safe-area-context`)
  - "react-native-segmented-control (from `../node_modules/@react-native-community/segmented-control`)"
  - react-native-simple-crypto (from `../node_modules/react-native-simple-crypto`)
  - react-native-splash-screen (from `../node_modules/react-native-splash-screen`)
  - react-native-webview (from `../node_modules/react-native-webview`)
  - React-perflogger (from `../node_modules/react-native/ReactCommon/reactperflogger`)
  - React-RCTActionSheet (from `../node_modules/react-native/Libraries/ActionSheetIOS`)
  - React-RCTAnimation (from `../node_modules/react-native/Libraries/NativeAnimation`)
  - React-RCTBlob (from `../node_modules/react-native/Libraries/Blob`)
  - React-RCTImage (from `../node_modules/react-native/Libraries/Image`)
  - React-RCTLinking (from `../node_modules/react-native/Libraries/LinkingIOS`)
  - React-RCTNetwork (from `../node_modules/react-native/Libraries/Network`)
  - React-RCTSettings (from `../node_modules/react-native/Libraries/Settings`)
  - React-RCTText (from `../node_modules/react-native/Libraries/Text`)
  - React-RCTVibration (from `../node_modules/react-native/Libraries/Vibration`)
  - React-runtimeexecutor (from `../node_modules/react-native/ReactCommon/runtimeexecutor`)
  - ReactCommon/turbomodule/core (from `../node_modules/react-native/ReactCommon`)
  - Realm (~> 10.5.2)
  - RealmSwift (~> 10.5.2)
  - "RNCAsyncStorage (from `../node_modules/@react-native-community/async-storage`)"
  - "RNCMaskedView (from `../node_modules/@react-native-community/masked-view`)"
  - "RNCPushNotificationIOS (from `../node_modules/@react-native-community/push-notification-ios`)"
  - "RNDateTimePicker (from `../node_modules/@react-native-community/datetimepicker`)"
  - RNGestureHandler (from `../node_modules/react-native-gesture-handler`)
  - RNPermissions (from `../node_modules/react-native-permissions`)
  - RNScreens (from `../node_modules/react-native-screens`)
  - RNStaticSafeAreaInsets (from `../node_modules/react-native-static-safe-area-insets`)
  - RNSVG (from `../node_modules/react-native-svg`)
  - Yoga (from `../node_modules/react-native/ReactCommon/yoga`)
  - ZIPFoundation (~> 0.9.11)

SPEC REPOS:
  trunk:
    - Alamofire
    - boost-for-react-native
    - KeychainAccess
    - MatomoTracker
    - PromisesObjC
    - PromisesSwift
    - Realm
    - RealmSwift
    - ZIPFoundation

EXTERNAL SOURCES:
  BugsnagReactNative:
    :path: "../node_modules/@bugsnag/react-native"
  DoubleConversion:
    :podspec: "../node_modules/react-native/third-party-podspecs/DoubleConversion.podspec"
  FBLazyVector:
    :path: "../node_modules/react-native/Libraries/FBLazyVector"
  FBReactNativeSpec:
    :path: "../node_modules/react-native/React/FBReactNativeSpec"
  glog:
    :podspec: "../node_modules/react-native/third-party-podspecs/glog.podspec"
  Permission-Notifications:
    :path: "../node_modules/react-native-permissions/ios/Notifications.podspec"
  RCT-Folly:
    :podspec: "../node_modules/react-native/third-party-podspecs/RCT-Folly.podspec"
  RCTRequired:
    :path: "../node_modules/react-native/Libraries/RCTRequired"
  RCTTypeSafety:
    :path: "../node_modules/react-native/Libraries/TypeSafety"
  React:
    :path: "../node_modules/react-native/"
  React-callinvoker:
    :path: "../node_modules/react-native/ReactCommon/callinvoker"
  React-Core:
    :path: "../node_modules/react-native/"
  React-CoreModules:
    :path: "../node_modules/react-native/React/CoreModules"
  React-cxxreact:
    :path: "../node_modules/react-native/ReactCommon/cxxreact"
  React-jsi:
    :path: "../node_modules/react-native/ReactCommon/jsi"
  React-jsiexecutor:
    :path: "../node_modules/react-native/ReactCommon/jsiexecutor"
  React-jsinspector:
    :path: "../node_modules/react-native/ReactCommon/jsinspector"
  react-native-config:
    :path: "../node_modules/react-native-config"
  react-native-matomo-sdk:
    :path: "../node_modules/react-native-matomo-sdk"
  react-native-netinfo:
    :path: "../node_modules/@react-native-community/netinfo"
  react-native-safe-area-context:
    :path: "../node_modules/react-native-safe-area-context"
  react-native-segmented-control:
    :path: "../node_modules/@react-native-community/segmented-control"
  react-native-simple-crypto:
    :path: "../node_modules/react-native-simple-crypto"
  react-native-splash-screen:
    :path: "../node_modules/react-native-splash-screen"
  react-native-webview:
    :path: "../node_modules/react-native-webview"
  React-perflogger:
    :path: "../node_modules/react-native/ReactCommon/reactperflogger"
  React-RCTActionSheet:
    :path: "../node_modules/react-native/Libraries/ActionSheetIOS"
  React-RCTAnimation:
    :path: "../node_modules/react-native/Libraries/NativeAnimation"
  React-RCTBlob:
    :path: "../node_modules/react-native/Libraries/Blob"
  React-RCTImage:
    :path: "../node_modules/react-native/Libraries/Image"
  React-RCTLinking:
    :path: "../node_modules/react-native/Libraries/LinkingIOS"
  React-RCTNetwork:
    :path: "../node_modules/react-native/Libraries/Network"
  React-RCTSettings:
    :path: "../node_modules/react-native/Libraries/Settings"
  React-RCTText:
    :path: "../node_modules/react-native/Libraries/Text"
  React-RCTVibration:
    :path: "../node_modules/react-native/Libraries/Vibration"
  React-runtimeexecutor:
    :path: "../node_modules/react-native/ReactCommon/runtimeexecutor"
  ReactCommon:
    :path: "../node_modules/react-native/ReactCommon"
  RNCAsyncStorage:
    :path: "../node_modules/@react-native-community/async-storage"
  RNCMaskedView:
    :path: "../node_modules/@react-native-community/masked-view"
  RNCPushNotificationIOS:
    :path: "../node_modules/@react-native-community/push-notification-ios"
  RNDateTimePicker:
    :path: "../node_modules/@react-native-community/datetimepicker"
  RNGestureHandler:
    :path: "../node_modules/react-native-gesture-handler"
  RNPermissions:
    :path: "../node_modules/react-native-permissions"
  RNScreens:
    :path: "../node_modules/react-native-screens"
  RNStaticSafeAreaInsets:
    :path: "../node_modules/react-native-static-safe-area-insets"
  RNSVG:
    :path: "../node_modules/react-native-svg"
  Yoga:
    :path: "../node_modules/react-native/ReactCommon/yoga"

SPEC CHECKSUMS:
  Alamofire: 85e8a02c69d6020a0d734f6054870d7ecb75cf18
  boost-for-react-native: 39c7adb57c4e60d6c5479dd8623128eb5b3f0f2c
  BugsnagReactNative: fc7d6fb2127e53a8bfc79130b58263da363bb94b
  DoubleConversion: cf9b38bf0b2d048436d9a82ad2abe1404f11e7de
  FBLazyVector: e686045572151edef46010a6f819ade377dfeb4b
  FBReactNativeSpec: 1be49407e1465cc2027cc96c0a77144af414db34
  glog: 73c2498ac6884b13ede40eda8228cb1eee9d9d62
  KeychainAccess: c0c4f7f38f6fc7bbe58f5702e25f7bd2f65abf51
  MatomoTracker: 24a846c9d3aa76933183fe9d47fd62c9efa863fb
  Permission-Notifications: 9c6b5cc4f0e6599e9fc3395b77cebddc48f1be41
  PromisesObjC: 3113f7f76903778cf4a0586bd1ab89329a0b7b97
  PromisesSwift: 64085cf6e5fc1b5001f90cf31e87a1f1621fefee
  RCT-Folly: ec7a233ccc97cc556cf7237f0db1ff65b986f27c
  RCTRequired: 6d3e854f0e7260a648badd0d44fc364bc9da9728
  RCTTypeSafety: c1f31d19349c6b53085766359caac425926fafaa
  React: bda6b6d7ae912de97d7a61aa5c160db24aa2ad69
  React-callinvoker: 9840ea7e8e88ed73d438edb725574820b29b5baa
  React-Core: b5e385da7ce5f16a220fc60fd0749eae2c6120f0
  React-CoreModules: 17071a4e2c5239b01585f4aa8070141168ab298f
  React-cxxreact: 9be7b6340ed9f7c53e53deca7779f07cd66525ba
  React-jsi: 67747b9722f6dab2ffe15b011bcf6b3f2c3f1427
  React-jsiexecutor: 80c46bd381fd06e418e0d4f53672dc1d1945c4c3
  React-jsinspector: cc614ec18a9ca96fd275100c16d74d62ee11f0ae
  react-native-config: ae9ef3bdbf539f2d14ebaf4ebeba508f766e066a
  react-native-matomo-sdk: 03b35acda42463614f10ac61d013f7ae7dc8beed
  react-native-netinfo: 0212ce8604e88edf686f1481b925b17a42a52449
  react-native-safe-area-context: b6e0e284002381d2ff29fa4fff42b4d8282e3c94
  react-native-segmented-control: 65df6cd0619b780b3843d574a72d4c7cec396097
  react-native-simple-crypto: 499ddd9f317932677e50393e58e7a72bca2a86e1
  react-native-splash-screen: 4312f786b13a81b5169ef346d76d33bc0c6dc457
  react-native-webview: 944b6b607b3e362437dfdaf3ba979e47f4e1c939
  React-perflogger: 25373e382fed75ce768a443822f07098a15ab737
  React-RCTActionSheet: af7796ba49ffe4ca92e7277a5d992d37203f7da5
  React-RCTAnimation: 6a2e76ab50c6f25b428d81b76a5a45351c4d77aa
  React-RCTBlob: 02a2887023e0eed99391b6445b2e23a2a6f9226d
  React-RCTImage: ce5bf8e7438f2286d9b646a05d6ab11f38b0323d
  React-RCTLinking: ccd20742de14e020cb5f99d5c7e0bf0383aefbd9
  React-RCTNetwork: dfb9d089ab0753e5e5f55fc4b1210858f7245647
  React-RCTSettings: b14aef2d83699e48b410fb7c3ba5b66cd3291ae2
  React-RCTText: 41a2e952dd9adc5caf6fb68ed46b275194d5da5f
  React-RCTVibration: 24600e3b1aaa77126989bc58b6747509a1ba14f3
  React-runtimeexecutor: a9904c6d0218fb9f8b19d6dd88607225927668f9
  ReactCommon: 149906e01aa51142707a10665185db879898e966
  Realm: 2e1bc0d28301006176692da234deff51f867d5ae
  RealmSwift: a522ad39715e8b4e491af4460059bc32b84f5a9b
  RNCAsyncStorage: b03032fdbdb725bea0bd9e5ec5a7272865ae7398
  RNCMaskedView: 5a8ec07677aa885546a0d98da336457e2bea557f
  RNCPushNotificationIOS: 61a7c72bd1ebad3568025957d001e0f0e7b32191
  RNDateTimePicker: 8eba76de1afd556bc00c874f4d0c0616e30e32f1
  RNGestureHandler: 9b7e605a741412e20e13c512738a31bd1611759b
  RNPermissions: 5df468064df661a4c8c017e2791ce90d7695eea5
  RNScreens: 45c457af3d2ee9e08fc01e70da87e653d46b1198
  RNStaticSafeAreaInsets: 6103cf09647fa427186d30f67b0f5163c1ae8252
  RNSVG: ce9d996113475209013317e48b05c21ee988d42e
  Yoga: 575c581c63e0d35c9a83f4b46d01d63abc1100ac
  ZIPFoundation: e27423c004a5a1410c15933407747374e7c6cb6e

PODFILE CHECKSUM: d53abacf9b121c443adf6f9a52d81279ed776ba7

COCOAPODS: 1.10.1
